// !$*UTF8*$!
{
	archiveVersion = 1;
	classes = {
	};
	objectVersion = 52;
	objects = {

/* Begin PBXBuildFile section */
		B607F34E23429C21008DBE67 /* MovieSummaryRow.swift in Sources */ = {isa = PBXBuildFile; fileRef = B607F34D23429C21008DBE67 /* MovieSummaryRow.swift */; };
		B607F35123429C4C008DBE67 /* MovieDetailsScreen.swift in Sources */ = {isa = PBXBuildFile; fileRef = B607F35023429C4C008DBE67 /* MovieDetailsScreen.swift */; };
		B607F35423429D2D008DBE67 /* MovieSummary.swift in Sources */ = {isa = PBXBuildFile; fileRef = B607F35223429D2D008DBE67 /* MovieSummary.swift */; };
		B607F35523429D2D008DBE67 /* MovieDetails.swift in Sources */ = {isa = PBXBuildFile; fileRef = B607F35323429D2D008DBE67 /* MovieDetails.swift */; };
		B607F37E23442ACE008DBE67 /* MoviesNetwork.swift in Sources */ = {isa = PBXBuildFile; fileRef = B607F37D23442ACE008DBE67 /* MoviesNetwork.swift */; };
		B607F38123442AFD008DBE67 /* FetchMovieDetails.swift in Sources */ = {isa = PBXBuildFile; fileRef = B607F38023442AFD008DBE67 /* FetchMovieDetails.swift */; };
		B607F38323442B0D008DBE67 /* FetchPopularMovies.swift in Sources */ = {isa = PBXBuildFile; fileRef = B607F38223442B0D008DBE67 /* FetchPopularMovies.swift */; };
		B607F3882344354C008DBE67 /* ActivityIndicator.swift in Sources */ = {isa = PBXBuildFile; fileRef = B607F3872344354C008DBE67 /* ActivityIndicator.swift */; };
		B640AA962383A4CE00E5E4DE /* PopularMoviesList.swift in Sources */ = {isa = PBXBuildFile; fileRef = B640AA952383A4CE00E5E4DE /* PopularMoviesList.swift */; };
		B640AA982383A51F00E5E4DE /* PopularMoviesScreen.Content.swift in Sources */ = {isa = PBXBuildFile; fileRef = B640AA972383A51F00E5E4DE /* PopularMoviesScreen.Content.swift */; };
		B640AA9F2384F40D00E5E4DE /* DecodablePreview.swift in Sources */ = {isa = PBXBuildFile; fileRef = B640AA9E2384F40D00E5E4DE /* DecodablePreview.swift */; };
		B640AAA12384F60300E5E4DE /* MovieSummaries.json in Resources */ = {isa = PBXBuildFile; fileRef = B640AAA02384F60300E5E4DE /* MovieSummaries.json */; };
		B640AAA32384F65900E5E4DE /* MovieDetails.json in Resources */ = {isa = PBXBuildFile; fileRef = B640AAA22384F65900E5E4DE /* MovieDetails.json */; };
		B640AAA52384F74800E5E4DE /* FetchPopularMoviesResponse.json in Resources */ = {isa = PBXBuildFile; fileRef = B640AAA42384F74800E5E4DE /* FetchPopularMoviesResponse.json */; };
		B65975B8236A629600815101 /* NetworkKit in Frameworks */ = {isa = PBXBuildFile; productRef = B65975B7236A629600815101 /* NetworkKit */; };
		B65975BB236A62A800815101 /* NetworkImage in Frameworks */ = {isa = PBXBuildFile; productRef = B65975BA236A62A800815101 /* NetworkImage */; };
		B66288A2238C8E1400765800 /* PopularMoviesFetcher.swift in Sources */ = {isa = PBXBuildFile; fileRef = B66288A1238C8E1400765800 /* PopularMoviesFetcher.swift */; };
		B66288A5238C922B00765800 /* MovieDetailsFetcher.swift in Sources */ = {isa = PBXBuildFile; fileRef = B66288A4238C922B00765800 /* MovieDetailsFetcher.swift */; };
		B6651A11238237C300C08C26 /* MovieDetailsView.swift in Sources */ = {isa = PBXBuildFile; fileRef = B6651A10238237C300C08C26 /* MovieDetailsView.swift */; };
		B6651A152382466900C08C26 /* MovieDetailsScreen.Content.swift in Sources */ = {isa = PBXBuildFile; fileRef = B6651A142382466900C08C26 /* MovieDetailsScreen.Content.swift */; };
		B66DCC7A2341BA6300E55E90 /* AppDelegate.swift in Sources */ = {isa = PBXBuildFile; fileRef = B66DCC792341BA6300E55E90 /* AppDelegate.swift */; };
		B66DCC7C2341BA6300E55E90 /* SceneDelegate.swift in Sources */ = {isa = PBXBuildFile; fileRef = B66DCC7B2341BA6300E55E90 /* SceneDelegate.swift */; };
		B66DCC802341BA6400E55E90 /* Assets.xcassets in Resources */ = {isa = PBXBuildFile; fileRef = B66DCC7F2341BA6400E55E90 /* Assets.xcassets */; };
		B66DCC832341BA6400E55E90 /* Preview Assets.xcassets in Resources */ = {isa = PBXBuildFile; fileRef = B66DCC822341BA6400E55E90 /* Preview Assets.xcassets */; };
		B66DCC862341BA6400E55E90 /* LaunchScreen.storyboard in Resources */ = {isa = PBXBuildFile; fileRef = B66DCC842341BA6400E55E90 /* LaunchScreen.storyboard */; };
		B66DCC8E23429A2C00E55E90 /* PopularMoviesScreen.swift in Sources */ = {isa = PBXBuildFile; fileRef = B66DCC8D23429A2C00E55E90 /* PopularMoviesScreen.swift */; };
		B66DCC9223429B3900E55E90 /* StarRatingView.swift in Sources */ = {isa = PBXBuildFile; fileRef = B66DCC9123429B3900E55E90 /* StarRatingView.swift */; };
		B69AB6D42354225B0016883E /* FormatKit in Frameworks */ = {isa = PBXBuildFile; productRef = B69AB6D32354225B0016883E /* FormatKit */; };
		B69AB6DD235552A70016883E /* Configuration.swift in Sources */ = {isa = PBXBuildFile; fileRef = B69AB6DC235552A70016883E /* Configuration.swift */; };
/* End PBXBuildFile section */

/* Begin PBXFileReference section */
		B607F34D23429C21008DBE67 /* MovieSummaryRow.swift */ = {isa = PBXFileReference; lastKnownFileType = sourcecode.swift; path = MovieSummaryRow.swift; sourceTree = "<group>"; };
		B607F35023429C4C008DBE67 /* MovieDetailsScreen.swift */ = {isa = PBXFileReference; lastKnownFileType = sourcecode.swift; path = MovieDetailsScreen.swift; sourceTree = "<group>"; };
		B607F35223429D2D008DBE67 /* MovieSummary.swift */ = {isa = PBXFileReference; lastKnownFileType = sourcecode.swift; path = MovieSummary.swift; sourceTree = "<group>"; };
		B607F35323429D2D008DBE67 /* MovieDetails.swift */ = {isa = PBXFileReference; lastKnownFileType = sourcecode.swift; path = MovieDetails.swift; sourceTree = "<group>"; };
		B607F3772342FA06008DBE67 /* URLImage */ = {isa = PBXFileReference; lastKnownFileType = folder; name = URLImage; path = ../URLImage; sourceTree = "<group>"; };
		B607F37D23442ACE008DBE67 /* MoviesNetwork.swift */ = {isa = PBXFileReference; lastKnownFileType = sourcecode.swift; path = MoviesNetwork.swift; sourceTree = "<group>"; };
		B607F38023442AFD008DBE67 /* FetchMovieDetails.swift */ = {isa = PBXFileReference; lastKnownFileType = sourcecode.swift; path = FetchMovieDetails.swift; sourceTree = "<group>"; };
		B607F38223442B0D008DBE67 /* FetchPopularMovies.swift */ = {isa = PBXFileReference; lastKnownFileType = sourcecode.swift; path = FetchPopularMovies.swift; sourceTree = "<group>"; };
		B607F3872344354C008DBE67 /* ActivityIndicator.swift */ = {isa = PBXFileReference; lastKnownFileType = sourcecode.swift; path = ActivityIndicator.swift; sourceTree = "<group>"; };
		B640AA952383A4CE00E5E4DE /* PopularMoviesList.swift */ = {isa = PBXFileReference; lastKnownFileType = sourcecode.swift; path = PopularMoviesList.swift; sourceTree = "<group>"; };
		B640AA972383A51F00E5E4DE /* PopularMoviesScreen.Content.swift */ = {isa = PBXFileReference; lastKnownFileType = sourcecode.swift; path = PopularMoviesScreen.Content.swift; sourceTree = "<group>"; };
		B640AA9E2384F40D00E5E4DE /* DecodablePreview.swift */ = {isa = PBXFileReference; lastKnownFileType = sourcecode.swift; path = DecodablePreview.swift; sourceTree = "<group>"; };
		B640AAA02384F60300E5E4DE /* MovieSummaries.json */ = {isa = PBXFileReference; lastKnownFileType = text.json; path = MovieSummaries.json; sourceTree = "<group>"; };
		B640AAA22384F65900E5E4DE /* MovieDetails.json */ = {isa = PBXFileReference; lastKnownFileType = text.json; path = MovieDetails.json; sourceTree = "<group>"; };
		B640AAA42384F74800E5E4DE /* FetchPopularMoviesResponse.json */ = {isa = PBXFileReference; lastKnownFileType = text.json; path = FetchPopularMoviesResponse.json; sourceTree = "<group>"; };
		B66288A1238C8E1400765800 /* PopularMoviesFetcher.swift */ = {isa = PBXFileReference; lastKnownFileType = sourcecode.swift; path = PopularMoviesFetcher.swift; sourceTree = "<group>"; };
		B66288A4238C922B00765800 /* MovieDetailsFetcher.swift */ = {isa = PBXFileReference; lastKnownFileType = sourcecode.swift; path = MovieDetailsFetcher.swift; sourceTree = "<group>"; };
		B6651A10238237C300C08C26 /* MovieDetailsView.swift */ = {isa = PBXFileReference; lastKnownFileType = sourcecode.swift; path = MovieDetailsView.swift; sourceTree = "<group>"; };
		B6651A142382466900C08C26 /* MovieDetailsScreen.Content.swift */ = {isa = PBXFileReference; lastKnownFileType = sourcecode.swift; path = MovieDetailsScreen.Content.swift; sourceTree = "<group>"; };
		B66DCC762341BA6300E55E90 /* Movies13.app */ = {isa = PBXFileReference; explicitFileType = wrapper.application; includeInIndex = 0; path = Movies13.app; sourceTree = BUILT_PRODUCTS_DIR; };
		B66DCC792341BA6300E55E90 /* AppDelegate.swift */ = {isa = PBXFileReference; lastKnownFileType = sourcecode.swift; path = AppDelegate.swift; sourceTree = "<group>"; };
		B66DCC7B2341BA6300E55E90 /* SceneDelegate.swift */ = {isa = PBXFileReference; lastKnownFileType = sourcecode.swift; path = SceneDelegate.swift; sourceTree = "<group>"; };
		B66DCC7F2341BA6400E55E90 /* Assets.xcassets */ = {isa = PBXFileReference; lastKnownFileType = folder.assetcatalog; path = Assets.xcassets; sourceTree = "<group>"; };
		B66DCC822341BA6400E55E90 /* Preview Assets.xcassets */ = {isa = PBXFileReference; lastKnownFileType = folder.assetcatalog; path = "Preview Assets.xcassets"; sourceTree = "<group>"; };
		B66DCC852341BA6400E55E90 /* Base */ = {isa = PBXFileReference; lastKnownFileType = file.storyboard; name = Base; path = Base.lproj/LaunchScreen.storyboard; sourceTree = "<group>"; };
		B66DCC872341BA6400E55E90 /* Info.plist */ = {isa = PBXFileReference; lastKnownFileType = text.plist.xml; path = Info.plist; sourceTree = "<group>"; };
		B66DCC8D23429A2C00E55E90 /* PopularMoviesScreen.swift */ = {isa = PBXFileReference; lastKnownFileType = sourcecode.swift; path = PopularMoviesScreen.swift; sourceTree = "<group>"; };
		B66DCC9123429B3900E55E90 /* StarRatingView.swift */ = {isa = PBXFileReference; lastKnownFileType = sourcecode.swift; path = StarRatingView.swift; sourceTree = "<group>"; };
		B69AB6D7235528250016883E /* Dev.xcconfig */ = {isa = PBXFileReference; lastKnownFileType = text.xcconfig; path = Dev.xcconfig; sourceTree = "<group>"; };
		B69AB6D923552A9E0016883E /* Prod.xcconfig */ = {isa = PBXFileReference; lastKnownFileType = text.xcconfig; path = Prod.xcconfig; sourceTree = "<group>"; };
		B69AB6DC235552A70016883E /* Configuration.swift */ = {isa = PBXFileReference; lastKnownFileType = sourcecode.swift; path = Configuration.swift; sourceTree = "<group>"; };
/* End PBXFileReference section */

/* Begin PBXFrameworksBuildPhase section */
		B66DCC732341BA6300E55E90 /* Frameworks */ = {
			isa = PBXFrameworksBuildPhase;
			buildActionMask = 2147483647;
			files = (
				B65975BB236A62A800815101 /* NetworkImage in Frameworks */,
				B65975B8236A629600815101 /* NetworkKit in Frameworks */,
				B69AB6D42354225B0016883E /* FormatKit in Frameworks */,
			);
			runOnlyForDeploymentPostprocessing = 0;
		};
/* End PBXFrameworksBuildPhase section */

/* Begin PBXGroup section */
		B607F34B23429B97008DBE67 /* Popular Movies Screen */ = {
			isa = PBXGroup;
			children = (
				B66DCC8D23429A2C00E55E90 /* PopularMoviesScreen.swift */,
				B640AA972383A51F00E5E4DE /* PopularMoviesScreen.Content.swift */,
				B66288A0238C8E0200765800 /* Popular Movies Fetcher */,
				B640AA942383A4BC00E5E4DE /* Popular Movies List */,
				B607F34C23429C06008DBE67 /* Movie Summary Row */,
			);
			path = "Popular Movies Screen";
			sourceTree = "<group>";
		};
		B607F34C23429C06008DBE67 /* Movie Summary Row */ = {
			isa = PBXGroup;
			children = (
				B607F34D23429C21008DBE67 /* MovieSummaryRow.swift */,
			);
			path = "Movie Summary Row";
			sourceTree = "<group>";
		};
		B607F34F23429C28008DBE67 /* Movie Details Screen */ = {
			isa = PBXGroup;
			children = (
				B607F35023429C4C008DBE67 /* MovieDetailsScreen.swift */,
				B6651A142382466900C08C26 /* MovieDetailsScreen.Content.swift */,
				B66288A3238C921800765800 /* Movie Details Fetcher */,
				B640AA932383A37800E5E4DE /* Movie Details View */,
			);
			path = "Movie Details Screen";
			sourceTree = "<group>";
		};
		B607F35623429D4C008DBE67 /* Models */ = {
			isa = PBXGroup;
			children = (
				B607F35223429D2D008DBE67 /* MovieSummary.swift */,
				B607F35323429D2D008DBE67 /* MovieDetails.swift */,
			);
			path = Models;
			sourceTree = "<group>";
		};
		B607F3682342B509008DBE67 /* Frameworks */ = {
			isa = PBXGroup;
			children = (
				B607F3772342FA06008DBE67 /* URLImage */,
			);
			name = Frameworks;
			sourceTree = "<group>";
		};
		B607F37C23442A88008DBE67 /* Movies Network */ = {
			isa = PBXGroup;
			children = (
				B607F37D23442ACE008DBE67 /* MoviesNetwork.swift */,
				B607F37F23442AD3008DBE67 /* Requests */,
			);
			path = "Movies Network";
			sourceTree = "<group>";
		};
		B607F37F23442AD3008DBE67 /* Requests */ = {
			isa = PBXGroup;
			children = (
				B607F38223442B0D008DBE67 /* FetchPopularMovies.swift */,
				B607F38023442AFD008DBE67 /* FetchMovieDetails.swift */,
			);
			path = Requests;
			sourceTree = "<group>";
		};
		B607F3A5234A8FE6008DBE67 /* Components */ = {
			isa = PBXGroup;
			children = (
				B607F3872344354C008DBE67 /* ActivityIndicator.swift */,
			);
			path = Components;
			sourceTree = "<group>";
		};
		B640AA932383A37800E5E4DE /* Movie Details View */ = {
			isa = PBXGroup;
			children = (
				B6651A10238237C300C08C26 /* MovieDetailsView.swift */,
			);
			path = "Movie Details View";
			sourceTree = "<group>";
		};
		B640AA942383A4BC00E5E4DE /* Popular Movies List */ = {
			isa = PBXGroup;
			children = (
				B640AA952383A4CE00E5E4DE /* PopularMoviesList.swift */,
			);
			path = "Popular Movies List";
			sourceTree = "<group>";
		};
		B640AA992384F34900E5E4DE /* Preview Content */ = {
			isa = PBXGroup;
			children = (
				B66DCC822341BA6400E55E90 /* Preview Assets.xcassets */,
				B640AA9E2384F40D00E5E4DE /* DecodablePreview.swift */,
				B640AAA02384F60300E5E4DE /* MovieSummaries.json */,
				B640AAA22384F65900E5E4DE /* MovieDetails.json */,
				B640AAA42384F74800E5E4DE /* FetchPopularMoviesResponse.json */,
			);
			path = "Preview Content";
			sourceTree = "<group>";
		};
		B66288A0238C8E0200765800 /* Popular Movies Fetcher */ = {
			isa = PBXGroup;
			children = (
				B66288A1238C8E1400765800 /* PopularMoviesFetcher.swift */,
			);
			path = "Popular Movies Fetcher";
			sourceTree = "<group>";
		};
		B66288A3238C921800765800 /* Movie Details Fetcher */ = {
			isa = PBXGroup;
			children = (
				B66288A4238C922B00765800 /* MovieDetailsFetcher.swift */,
			);
			path = "Movie Details Fetcher";
			sourceTree = "<group>";
		};
		B66DCC6D2341BA6300E55E90 = {
			isa = PBXGroup;
			children = (
				B66DCC782341BA6300E55E90 /* Movies13 */,
				B66DCC772341BA6300E55E90 /* Products */,
				B607F3682342B509008DBE67 /* Frameworks */,
			);
			sourceTree = "<group>";
			usesTabs = 1;
		};
		B66DCC772341BA6300E55E90 /* Products */ = {
			isa = PBXGroup;
			children = (
				B66DCC762341BA6300E55E90 /* Movies13.app */,
			);
			name = Products;
			sourceTree = "<group>";
		};
		B66DCC782341BA6300E55E90 /* Movies13 */ = {
			isa = PBXGroup;
			children = (
				B66DCC792341BA6300E55E90 /* AppDelegate.swift */,
				B66DCC7B2341BA6300E55E90 /* SceneDelegate.swift */,
				B66DCC8F23429AB600E55E90 /* Movies User Flow */,
				B607F37C23442A88008DBE67 /* Movies Network */,
				B607F35623429D4C008DBE67 /* Models */,
				B607F3A5234A8FE6008DBE67 /* Components */,
				B66DCC7F2341BA6400E55E90 /* Assets.xcassets */,
				B640AA992384F34900E5E4DE /* Preview Content */,
				B66DCC842341BA6400E55E90 /* LaunchScreen.storyboard */,
				B66DCC872341BA6400E55E90 /* Info.plist */,
				B69AB6D82355284F0016883E /* Configuration */,
			);
			path = Movies13;
			sourceTree = "<group>";
		};
		B66DCC8F23429AB600E55E90 /* Movies User Flow */ = {
			isa = PBXGroup;
			children = (
				B607F34B23429B97008DBE67 /* Popular Movies Screen */,
				B607F34F23429C28008DBE67 /* Movie Details Screen */,
				B66DCC9023429B0C00E55E90 /* Components */,
			);
			path = "Movies User Flow";
			sourceTree = "<group>";
		};
		B66DCC9023429B0C00E55E90 /* Components */ = {
			isa = PBXGroup;
			children = (
				B66DCC9123429B3900E55E90 /* StarRatingView.swift */,
			);
			path = Components;
			sourceTree = "<group>";
		};
		B69AB6D82355284F0016883E /* Configuration */ = {
			isa = PBXGroup;
			children = (
				B69AB6DC235552A70016883E /* Configuration.swift */,
				B69AB6D7235528250016883E /* Dev.xcconfig */,
				B69AB6D923552A9E0016883E /* Prod.xcconfig */,
			);
			path = Configuration;
			sourceTree = "<group>";
		};
/* End PBXGroup section */

/* Begin PBXNativeTarget section */
		B66DCC752341BA6300E55E90 /* Movies13 */ = {
			isa = PBXNativeTarget;
			buildConfigurationList = B66DCC8A2341BA6400E55E90 /* Build configuration list for PBXNativeTarget "Movies13" */;
			buildPhases = (
				B66DCC722341BA6300E55E90 /* Sources */,
				B66DCC732341BA6300E55E90 /* Frameworks */,
				B66DCC742341BA6300E55E90 /* Resources */,
			);
			buildRules = (
			);
			dependencies = (
			);
			name = Movies13;
			packageProductDependencies = (
				B69AB6D32354225B0016883E /* FormatKit */,
				B65975B7236A629600815101 /* NetworkKit */,
				B65975BA236A62A800815101 /* NetworkImage */,
			);
			productName = Movies13;
			productReference = B66DCC762341BA6300E55E90 /* Movies13.app */;
			productType = "com.apple.product-type.application";
		};
/* End PBXNativeTarget section */

/* Begin PBXProject section */
		B66DCC6E2341BA6300E55E90 /* Project object */ = {
			isa = PBXProject;
			attributes = {
				LastSwiftUpdateCheck = 1100;
				LastUpgradeCheck = 1100;
				ORGANIZATIONNAME = "Avario Babushka";
				TargetAttributes = {
					B66DCC752341BA6300E55E90 = {
						CreatedOnToolsVersion = 11.0;
					};
				};
			};
			buildConfigurationList = B66DCC712341BA6300E55E90 /* Build configuration list for PBXProject "Movies13" */;
			compatibilityVersion = "Xcode 9.3";
			developmentRegion = en;
			hasScannedForEncodings = 0;
			knownRegions = (
				en,
				Base,
			);
			mainGroup = B66DCC6D2341BA6300E55E90;
			packageReferences = (
				B65975B6236A629600815101 /* XCRemoteSwiftPackageReference "NetworkKit" */,
				B65975B9236A62A800815101 /* XCRemoteSwiftPackageReference "NetworkImage" */,
			);
			productRefGroup = B66DCC772341BA6300E55E90 /* Products */;
			projectDirPath = "";
			projectRoot = "";
			targets = (
				B66DCC752341BA6300E55E90 /* Movies13 */,
			);
		};
/* End PBXProject section */

/* Begin PBXResourcesBuildPhase section */
		B66DCC742341BA6300E55E90 /* Resources */ = {
			isa = PBXResourcesBuildPhase;
			buildActionMask = 2147483647;
			files = (
				B66DCC862341BA6400E55E90 /* LaunchScreen.storyboard in Resources */,
				B66DCC832341BA6400E55E90 /* Preview Assets.xcassets in Resources */,
				B66DCC802341BA6400E55E90 /* Assets.xcassets in Resources */,
				B640AAA52384F74800E5E4DE /* FetchPopularMoviesResponse.json in Resources */,
				B640AAA32384F65900E5E4DE /* MovieDetails.json in Resources */,
				B640AAA12384F60300E5E4DE /* MovieSummaries.json in Resources */,
			);
			runOnlyForDeploymentPostprocessing = 0;
		};
/* End PBXResourcesBuildPhase section */

/* Begin PBXSourcesBuildPhase section */
		B66DCC722341BA6300E55E90 /* Sources */ = {
			isa = PBXSourcesBuildPhase;
			buildActionMask = 2147483647;
			files = (
				B607F38123442AFD008DBE67 /* FetchMovieDetails.swift in Sources */,
				B66DCC7A2341BA6300E55E90 /* AppDelegate.swift in Sources */,
				B66288A5238C922B00765800 /* MovieDetailsFetcher.swift in Sources */,
				B6651A11238237C300C08C26 /* MovieDetailsView.swift in Sources */,
				B607F34E23429C21008DBE67 /* MovieSummaryRow.swift in Sources */,
				B66DCC9223429B3900E55E90 /* StarRatingView.swift in Sources */,
				B607F35523429D2D008DBE67 /* MovieDetails.swift in Sources */,
				B6651A152382466900C08C26 /* MovieDetailsScreen.Content.swift in Sources */,
				B66DCC7C2341BA6300E55E90 /* SceneDelegate.swift in Sources */,
				B640AA9F2384F40D00E5E4DE /* DecodablePreview.swift in Sources */,
				B640AA982383A51F00E5E4DE /* PopularMoviesScreen.Content.swift in Sources */,
				B69AB6DD235552A70016883E /* Configuration.swift in Sources */,
				B66DCC8E23429A2C00E55E90 /* PopularMoviesScreen.swift in Sources */,
				B607F38323442B0D008DBE67 /* FetchPopularMovies.swift in Sources */,
				B607F35123429C4C008DBE67 /* MovieDetailsScreen.swift in Sources */,
				B607F37E23442ACE008DBE67 /* MoviesNetwork.swift in Sources */,
				B66288A2238C8E1400765800 /* PopularMoviesFetcher.swift in Sources */,
				B607F3882344354C008DBE67 /* ActivityIndicator.swift in Sources */,
				B640AA962383A4CE00E5E4DE /* PopularMoviesList.swift in Sources */,
				B607F35423429D2D008DBE67 /* MovieSummary.swift in Sources */,
			);
			runOnlyForDeploymentPostprocessing = 0;
		};
/* End PBXSourcesBuildPhase section */

/* Begin PBXVariantGroup section */
		B66DCC842341BA6400E55E90 /* LaunchScreen.storyboard */ = {
			isa = PBXVariantGroup;
			children = (
				B66DCC852341BA6400E55E90 /* Base */,
			);
			name = LaunchScreen.storyboard;
			sourceTree = "<group>";
		};
/* End PBXVariantGroup section */

/* Begin XCBuildConfiguration section */
		B66DCC882341BA6400E55E90 /* Debug */ = {
			isa = XCBuildConfiguration;
			buildSettings = {
				ALWAYS_SEARCH_USER_PATHS = NO;
				CLANG_ANALYZER_NONNULL = YES;
				CLANG_ANALYZER_NUMBER_OBJECT_CONVERSION = YES_AGGRESSIVE;
				CLANG_CXX_LANGUAGE_STANDARD = "gnu++14";
				CLANG_CXX_LIBRARY = "libc++";
				CLANG_ENABLE_MODULES = YES;
				CLANG_ENABLE_OBJC_ARC = YES;
				CLANG_ENABLE_OBJC_WEAK = YES;
				CLANG_WARN_BLOCK_CAPTURE_AUTORELEASING = YES;
				CLANG_WARN_BOOL_CONVERSION = YES;
				CLANG_WARN_COMMA = YES;
				CLANG_WARN_CONSTANT_CONVERSION = YES;
				CLANG_WARN_DEPRECATED_OBJC_IMPLEMENTATIONS = YES;
				CLANG_WARN_DIRECT_OBJC_ISA_USAGE = YES_ERROR;
				CLANG_WARN_DOCUMENTATION_COMMENTS = YES;
				CLANG_WARN_EMPTY_BODY = YES;
				CLANG_WARN_ENUM_CONVERSION = YES;
				CLANG_WARN_INFINITE_RECURSION = YES;
				CLANG_WARN_INT_CONVERSION = YES;
				CLANG_WARN_NON_LITERAL_NULL_CONVERSION = YES;
				CLANG_WARN_OBJC_IMPLICIT_RETAIN_SELF = YES;
				CLANG_WARN_OBJC_LITERAL_CONVERSION = YES;
				CLANG_WARN_OBJC_ROOT_CLASS = YES_ERROR;
				CLANG_WARN_RANGE_LOOP_ANALYSIS = YES;
				CLANG_WARN_STRICT_PROTOTYPES = YES;
				CLANG_WARN_SUSPICIOUS_MOVE = YES;
				CLANG_WARN_UNGUARDED_AVAILABILITY = YES_AGGRESSIVE;
				CLANG_WARN_UNREACHABLE_CODE = YES;
				CLANG_WARN__DUPLICATE_METHOD_MATCH = YES;
				COPY_PHASE_STRIP = NO;
				DEBUG_INFORMATION_FORMAT = dwarf;
				ENABLE_STRICT_OBJC_MSGSEND = YES;
				ENABLE_TESTABILITY = YES;
				GCC_C_LANGUAGE_STANDARD = gnu11;
				GCC_DYNAMIC_NO_PIC = NO;
				GCC_NO_COMMON_BLOCKS = YES;
				GCC_OPTIMIZATION_LEVEL = 0;
				GCC_PREPROCESSOR_DEFINITIONS = (
					"DEBUG=1",
					"$(inherited)",
				);
				GCC_WARN_64_TO_32_BIT_CONVERSION = YES;
				GCC_WARN_ABOUT_RETURN_TYPE = YES_ERROR;
				GCC_WARN_UNDECLARED_SELECTOR = YES;
				GCC_WARN_UNINITIALIZED_AUTOS = YES_AGGRESSIVE;
				GCC_WARN_UNUSED_FUNCTION = YES;
				GCC_WARN_UNUSED_VARIABLE = YES;
				IPHONEOS_DEPLOYMENT_TARGET = 13.0;
				MTL_ENABLE_DEBUG_INFO = INCLUDE_SOURCE;
				MTL_FAST_MATH = YES;
				ONLY_ACTIVE_ARCH = YES;
				SDKROOT = iphoneos;
				SWIFT_ACTIVE_COMPILATION_CONDITIONS = DEBUG;
				SWIFT_OPTIMIZATION_LEVEL = "-Onone";
			};
			name = Debug;
		};
		B66DCC892341BA6400E55E90 /* Release */ = {
			isa = XCBuildConfiguration;
			buildSettings = {
				ALWAYS_SEARCH_USER_PATHS = NO;
				CLANG_ANALYZER_NONNULL = YES;
				CLANG_ANALYZER_NUMBER_OBJECT_CONVERSION = YES_AGGRESSIVE;
				CLANG_CXX_LANGUAGE_STANDARD = "gnu++14";
				CLANG_CXX_LIBRARY = "libc++";
				CLANG_ENABLE_MODULES = YES;
				CLANG_ENABLE_OBJC_ARC = YES;
				CLANG_ENABLE_OBJC_WEAK = YES;
				CLANG_WARN_BLOCK_CAPTURE_AUTORELEASING = YES;
				CLANG_WARN_BOOL_CONVERSION = YES;
				CLANG_WARN_COMMA = YES;
				CLANG_WARN_CONSTANT_CONVERSION = YES;
				CLANG_WARN_DEPRECATED_OBJC_IMPLEMENTATIONS = YES;
				CLANG_WARN_DIRECT_OBJC_ISA_USAGE = YES_ERROR;
				CLANG_WARN_DOCUMENTATION_COMMENTS = YES;
				CLANG_WARN_EMPTY_BODY = YES;
				CLANG_WARN_ENUM_CONVERSION = YES;
				CLANG_WARN_INFINITE_RECURSION = YES;
				CLANG_WARN_INT_CONVERSION = YES;
				CLANG_WARN_NON_LITERAL_NULL_CONVERSION = YES;
				CLANG_WARN_OBJC_IMPLICIT_RETAIN_SELF = YES;
				CLANG_WARN_OBJC_LITERAL_CONVERSION = YES;
				CLANG_WARN_OBJC_ROOT_CLASS = YES_ERROR;
				CLANG_WARN_RANGE_LOOP_ANALYSIS = YES;
				CLANG_WARN_STRICT_PROTOTYPES = YES;
				CLANG_WARN_SUSPICIOUS_MOVE = YES;
				CLANG_WARN_UNGUARDED_AVAILABILITY = YES_AGGRESSIVE;
				CLANG_WARN_UNREACHABLE_CODE = YES;
				CLANG_WARN__DUPLICATE_METHOD_MATCH = YES;
				COPY_PHASE_STRIP = NO;
				DEBUG_INFORMATION_FORMAT = "dwarf-with-dsym";
				ENABLE_NS_ASSERTIONS = NO;
				ENABLE_STRICT_OBJC_MSGSEND = YES;
				GCC_C_LANGUAGE_STANDARD = gnu11;
				GCC_NO_COMMON_BLOCKS = YES;
				GCC_WARN_64_TO_32_BIT_CONVERSION = YES;
				GCC_WARN_ABOUT_RETURN_TYPE = YES_ERROR;
				GCC_WARN_UNDECLARED_SELECTOR = YES;
				GCC_WARN_UNINITIALIZED_AUTOS = YES_AGGRESSIVE;
				GCC_WARN_UNUSED_FUNCTION = YES;
				GCC_WARN_UNUSED_VARIABLE = YES;
				IPHONEOS_DEPLOYMENT_TARGET = 13.0;
				MTL_ENABLE_DEBUG_INFO = NO;
				MTL_FAST_MATH = YES;
				SDKROOT = iphoneos;
				SWIFT_COMPILATION_MODE = wholemodule;
				SWIFT_OPTIMIZATION_LEVEL = "-O";
				VALIDATE_PRODUCT = YES;
			};
			name = Release;
		};
		B66DCC8B2341BA6400E55E90 /* Debug */ = {
			isa = XCBuildConfiguration;
			baseConfigurationReference = B69AB6D7235528250016883E /* Dev.xcconfig */;
			buildSettings = {
				ASSETCATALOG_COMPILER_APPICON_NAME = AppIcon;
				CODE_SIGN_STYLE = Automatic;
				DEVELOPMENT_ASSET_PATHS = "Movies13/Preview\\ Content";
				DEVELOPMENT_TEAM = J2Z2X63L8Q;
				ENABLE_PREVIEWS = YES;
				INFOPLIST_FILE = Movies13/Info.plist;
				LD_RUNPATH_SEARCH_PATHS = (
					"$(inherited)",
					"@executable_path/Frameworks",
				);
				PRODUCT_BUNDLE_IDENTIFIER = com.avario.Movies13;
				PRODUCT_NAME = "$(TARGET_NAME)";
				SWIFT_VERSION = 5.0;
				TARGETED_DEVICE_FAMILY = 1;
			};
			name = Debug;
		};
		B66DCC8C2341BA6400E55E90 /* Release */ = {
			isa = XCBuildConfiguration;
			baseConfigurationReference = B69AB6D923552A9E0016883E /* Prod.xcconfig */;
			buildSettings = {
				ASSETCATALOG_COMPILER_APPICON_NAME = AppIcon;
				CODE_SIGN_STYLE = Automatic;
				DEVELOPMENT_ASSET_PATHS = "Movies13/Preview\\ Content";
				DEVELOPMENT_TEAM = J2Z2X63L8Q;
				ENABLE_PREVIEWS = YES;
				INFOPLIST_FILE = Movies13/Info.plist;
				LD_RUNPATH_SEARCH_PATHS = (
					"$(inherited)",
					"@executable_path/Frameworks",
				);
				PRODUCT_BUNDLE_IDENTIFIER = com.avario.Movies13;
				PRODUCT_NAME = "$(TARGET_NAME)";
				SWIFT_VERSION = 5.0;
				TARGETED_DEVICE_FAMILY = 1;
			};
			name = Release;
		};
/* End XCBuildConfiguration section */

/* Begin XCConfigurationList section */
		B66DCC712341BA6300E55E90 /* Build configuration list for PBXProject "Movies13" */ = {
			isa = XCConfigurationList;
			buildConfigurations = (
				B66DCC882341BA6400E55E90 /* Debug */,
				B66DCC892341BA6400E55E90 /* Release */,
			);
			defaultConfigurationIsVisible = 0;
			defaultConfigurationName = Release;
		};
		B66DCC8A2341BA6400E55E90 /* Build configuration list for PBXNativeTarget "Movies13" */ = {
			isa = XCConfigurationList;
			buildConfigurations = (
				B66DCC8B2341BA6400E55E90 /* Debug */,
				B66DCC8C2341BA6400E55E90 /* Release */,
			);
			defaultConfigurationIsVisible = 0;
			defaultConfigurationName = Release;
		};
/* End XCConfigurationList section */

/* Begin XCRemoteSwiftPackageReference section */
		B65975B6236A629600815101 /* XCRemoteSwiftPackageReference "NetworkKit" */ = {
			isa = XCRemoteSwiftPackageReference;
			repositoryURL = "https://github.com/avario/NetworkKit.git";
			requirement = {
				kind = upToNextMajorVersion;
				minimumVersion = 1.0.0;
			};
		};
		B65975B9236A62A800815101 /* XCRemoteSwiftPackageReference "NetworkImage" */ = {
			isa = XCRemoteSwiftPackageReference;
			repositoryURL = "https://github.com/avario/NetworkImage.git";
			requirement = {
				kind = upToNextMajorVersion;
				minimumVersion = 1.0.0;
			};
		};
/* End XCRemoteSwiftPackageReference section */

/* Begin XCSwiftPackageProductDependency section */
		B65975B7236A629600815101 /* NetworkKit */ = {
			isa = XCSwiftPackageProductDependency;
			package = B65975B6236A629600815101 /* XCRemoteSwiftPackageReference "NetworkKit" */;
			productName = NetworkKit;
		};
		B65975BA236A62A800815101 /* NetworkImage */ = {
			isa = XCSwiftPackageProductDependency;
			package = B65975B9236A62A800815101 /* XCRemoteSwiftPackageReference "NetworkImage" */;
			productName = NetworkImage;
		};
		B69AB6D32354225B0016883E /* FormatKit */ = {
			isa = XCSwiftPackageProductDependency;
			productName = FormatKit;
		};
/* End XCSwiftPackageProductDependency section */
	};
	rootObject = B66DCC6E2341BA6300E55E90 /* Project object */;
}
