// !$*UTF8*$!
{
	archiveVersion = 1;
	classes = {
	};
	objectVersion = 52;
	objects = {

/* Begin PBXBuildFile section */
		B606C7EF234BE57600B090F1 /* NetworkKit in Frameworks */ = {isa = PBXBuildFile; productRef = B606C7EE234BE57600B090F1 /* NetworkKit */; };
		B607F34E23429C21008DBE67 /* MovieSummaryRow.swift in Sources */ = {isa = PBXBuildFile; fileRef = B607F34D23429C21008DBE67 /* MovieSummaryRow.swift */; };
		B607F35123429C4C008DBE67 /* MovieDetailsScreen.swift in Sources */ = {isa = PBXBuildFile; fileRef = B607F35023429C4C008DBE67 /* MovieDetailsScreen.swift */; };
		B607F35423429D2D008DBE67 /* MovieSummary.swift in Sources */ = {isa = PBXBuildFile; fileRef = B607F35223429D2D008DBE67 /* MovieSummary.swift */; };
		B607F35523429D2D008DBE67 /* MovieDetails.swift in Sources */ = {isa = PBXBuildFile; fileRef = B607F35323429D2D008DBE67 /* MovieDetails.swift */; };
		B607F3792342FA10008DBE67 /* URLImage in Frameworks */ = {isa = PBXBuildFile; productRef = B607F3782342FA10008DBE67 /* URLImage */; };
		B607F37E23442ACE008DBE67 /* MoviesNetwork.swift in Sources */ = {isa = PBXBuildFile; fileRef = B607F37D23442ACE008DBE67 /* MoviesNetwork.swift */; };
		B607F38123442AFD008DBE67 /* FetchMovieDetails.swift in Sources */ = {isa = PBXBuildFile; fileRef = B607F38023442AFD008DBE67 /* FetchMovieDetails.swift */; };
		B607F38323442B0D008DBE67 /* FetchPopularMovies.swift in Sources */ = {isa = PBXBuildFile; fileRef = B607F38223442B0D008DBE67 /* FetchPopularMovies.swift */; };
		B607F3882344354C008DBE67 /* ActivityIndicator.swift in Sources */ = {isa = PBXBuildFile; fileRef = B607F3872344354C008DBE67 /* ActivityIndicator.swift */; };
		B607F3A4234705D9008DBE67 /* MovieDetailsData.swift in Sources */ = {isa = PBXBuildFile; fileRef = B607F3A3234705D9008DBE67 /* MovieDetailsData.swift */; };
		B61F0641234D7F6600029957 /* MoviesListData.swift in Sources */ = {isa = PBXBuildFile; fileRef = B61F0640234D7F6600029957 /* MoviesListData.swift */; };
		B66DCC7A2341BA6300E55E90 /* AppDelegate.swift in Sources */ = {isa = PBXBuildFile; fileRef = B66DCC792341BA6300E55E90 /* AppDelegate.swift */; };
		B66DCC7C2341BA6300E55E90 /* SceneDelegate.swift in Sources */ = {isa = PBXBuildFile; fileRef = B66DCC7B2341BA6300E55E90 /* SceneDelegate.swift */; };
		B66DCC802341BA6400E55E90 /* Assets.xcassets in Resources */ = {isa = PBXBuildFile; fileRef = B66DCC7F2341BA6400E55E90 /* Assets.xcassets */; };
		B66DCC832341BA6400E55E90 /* Preview Assets.xcassets in Resources */ = {isa = PBXBuildFile; fileRef = B66DCC822341BA6400E55E90 /* Preview Assets.xcassets */; };
		B66DCC862341BA6400E55E90 /* LaunchScreen.storyboard in Resources */ = {isa = PBXBuildFile; fileRef = B66DCC842341BA6400E55E90 /* LaunchScreen.storyboard */; };
		B66DCC8E23429A2C00E55E90 /* MoviesListScreen.swift in Sources */ = {isa = PBXBuildFile; fileRef = B66DCC8D23429A2C00E55E90 /* MoviesListScreen.swift */; };
		B66DCC9223429B3900E55E90 /* StarRatingView.swift in Sources */ = {isa = PBXBuildFile; fileRef = B66DCC9123429B3900E55E90 /* StarRatingView.swift */; };
		B69AB6D42354225B0016883E /* FormatKit in Frameworks */ = {isa = PBXBuildFile; productRef = B69AB6D32354225B0016883E /* FormatKit */; };
/* End PBXBuildFile section */

/* Begin PBXFileReference section */
		B607F34D23429C21008DBE67 /* MovieSummaryRow.swift */ = {isa = PBXFileReference; lastKnownFileType = sourcecode.swift; path = MovieSummaryRow.swift; sourceTree = "<group>"; };
		B607F35023429C4C008DBE67 /* MovieDetailsScreen.swift */ = {isa = PBXFileReference; lastKnownFileType = sourcecode.swift; path = MovieDetailsScreen.swift; sourceTree = "<group>"; };
		B607F35223429D2D008DBE67 /* MovieSummary.swift */ = {isa = PBXFileReference; lastKnownFileType = sourcecode.swift; path = MovieSummary.swift; sourceTree = "<group>"; };
		B607F35323429D2D008DBE67 /* MovieDetails.swift */ = {isa = PBXFileReference; lastKnownFileType = sourcecode.swift; path = MovieDetails.swift; sourceTree = "<group>"; };
		B607F3772342FA06008DBE67 /* URLImage */ = {isa = PBXFileReference; lastKnownFileType = folder; name = URLImage; path = ../URLImage; sourceTree = "<group>"; };
		B607F37D23442ACE008DBE67 /* MoviesNetwork.swift */ = {isa = PBXFileReference; lastKnownFileType = sourcecode.swift; path = MoviesNetwork.swift; sourceTree = "<group>"; };
		B607F38023442AFD008DBE67 /* FetchMovieDetails.swift */ = {isa = PBXFileReference; lastKnownFileType = sourcecode.swift; path = FetchMovieDetails.swift; sourceTree = "<group>"; };
		B607F38223442B0D008DBE67 /* FetchPopularMovies.swift */ = {isa = PBXFileReference; lastKnownFileType = sourcecode.swift; path = FetchPopularMovies.swift; sourceTree = "<group>"; };
		B607F3872344354C008DBE67 /* ActivityIndicator.swift */ = {isa = PBXFileReference; lastKnownFileType = sourcecode.swift; path = ActivityIndicator.swift; sourceTree = "<group>"; };
		B607F3A3234705D9008DBE67 /* MovieDetailsData.swift */ = {isa = PBXFileReference; lastKnownFileType = sourcecode.swift; path = MovieDetailsData.swift; sourceTree = "<group>"; };
		B61F0640234D7F6600029957 /* MoviesListData.swift */ = {isa = PBXFileReference; lastKnownFileType = sourcecode.swift; path = MoviesListData.swift; sourceTree = "<group>"; };
		B66DCC762341BA6300E55E90 /* Movies13.app */ = {isa = PBXFileReference; explicitFileType = wrapper.application; includeInIndex = 0; path = Movies13.app; sourceTree = BUILT_PRODUCTS_DIR; };
		B66DCC792341BA6300E55E90 /* AppDelegate.swift */ = {isa = PBXFileReference; lastKnownFileType = sourcecode.swift; path = AppDelegate.swift; sourceTree = "<group>"; };
		B66DCC7B2341BA6300E55E90 /* SceneDelegate.swift */ = {isa = PBXFileReference; lastKnownFileType = sourcecode.swift; path = SceneDelegate.swift; sourceTree = "<group>"; };
		B66DCC7F2341BA6400E55E90 /* Assets.xcassets */ = {isa = PBXFileReference; lastKnownFileType = folder.assetcatalog; path = Assets.xcassets; sourceTree = "<group>"; };
		B66DCC822341BA6400E55E90 /* Preview Assets.xcassets */ = {isa = PBXFileReference; lastKnownFileType = folder.assetcatalog; path = "Preview Assets.xcassets"; sourceTree = "<group>"; };
		B66DCC852341BA6400E55E90 /* Base */ = {isa = PBXFileReference; lastKnownFileType = file.storyboard; name = Base; path = Base.lproj/LaunchScreen.storyboard; sourceTree = "<group>"; };
		B66DCC872341BA6400E55E90 /* Info.plist */ = {isa = PBXFileReference; lastKnownFileType = text.plist.xml; path = Info.plist; sourceTree = "<group>"; };
		B66DCC8D23429A2C00E55E90 /* MoviesListScreen.swift */ = {isa = PBXFileReference; lastKnownFileType = sourcecode.swift; path = MoviesListScreen.swift; sourceTree = "<group>"; };
		B66DCC9123429B3900E55E90 /* StarRatingView.swift */ = {isa = PBXFileReference; lastKnownFileType = sourcecode.swift; path = StarRatingView.swift; sourceTree = "<group>"; };
/* End PBXFileReference section */

/* Begin PBXFrameworksBuildPhase section */
		B66DCC732341BA6300E55E90 /* Frameworks */ = {
			isa = PBXFrameworksBuildPhase;
			buildActionMask = 2147483647;
			files = (
				B606C7EF234BE57600B090F1 /* NetworkKit in Frameworks */,
				B69AB6D42354225B0016883E /* FormatKit in Frameworks */,
				B607F3792342FA10008DBE67 /* URLImage in Frameworks */,
			);
			runOnlyForDeploymentPostprocessing = 0;
		};
/* End PBXFrameworksBuildPhase section */

/* Begin PBXGroup section */
		B607F34B23429B97008DBE67 /* Movies List Screen */ = {
			isa = PBXGroup;
			children = (
				B66DCC8D23429A2C00E55E90 /* MoviesListScreen.swift */,
				B61F0640234D7F6600029957 /* MoviesListData.swift */,
				B607F34C23429C06008DBE67 /* Components */,
			);
			path = "Movies List Screen";
			sourceTree = "<group>";
		};
		B607F34C23429C06008DBE67 /* Components */ = {
			isa = PBXGroup;
			children = (
				B607F34D23429C21008DBE67 /* MovieSummaryRow.swift */,
			);
			path = Components;
			sourceTree = "<group>";
		};
		B607F34F23429C28008DBE67 /* Movie Details Screen */ = {
			isa = PBXGroup;
			children = (
				B607F35023429C4C008DBE67 /* MovieDetailsScreen.swift */,
				B607F3A3234705D9008DBE67 /* MovieDetailsData.swift */,
			);
			path = "Movie Details Screen";
			sourceTree = "<group>";
		};
		B607F35623429D4C008DBE67 /* Models */ = {
			isa = PBXGroup;
			children = (
				B607F35223429D2D008DBE67 /* MovieSummary.swift */,
				B607F35323429D2D008DBE67 /* MovieDetails.swift */,
			);
			path = Models;
			sourceTree = "<group>";
		};
		B607F3682342B509008DBE67 /* Frameworks */ = {
			isa = PBXGroup;
			children = (
				B607F3772342FA06008DBE67 /* URLImage */,
			);
			name = Frameworks;
			sourceTree = "<group>";
		};
		B607F37C23442A88008DBE67 /* Movies Network */ = {
			isa = PBXGroup;
			children = (
				B607F37D23442ACE008DBE67 /* MoviesNetwork.swift */,
				B607F37F23442AD3008DBE67 /* Requests */,
			);
			path = "Movies Network";
			sourceTree = "<group>";
		};
		B607F37F23442AD3008DBE67 /* Requests */ = {
			isa = PBXGroup;
			children = (
				B607F38223442B0D008DBE67 /* FetchPopularMovies.swift */,
				B607F38023442AFD008DBE67 /* FetchMovieDetails.swift */,
			);
			path = Requests;
			sourceTree = "<group>";
		};
		B607F3A5234A8FE6008DBE67 /* Components */ = {
			isa = PBXGroup;
			children = (
				B607F3872344354C008DBE67 /* ActivityIndicator.swift */,
			);
			path = Components;
			sourceTree = "<group>";
		};
		B66DCC6D2341BA6300E55E90 = {
			isa = PBXGroup;
			children = (
				B66DCC782341BA6300E55E90 /* Movies13 */,
				B66DCC772341BA6300E55E90 /* Products */,
				B607F3682342B509008DBE67 /* Frameworks */,
			);
			sourceTree = "<group>";
			usesTabs = 1;
		};
		B66DCC772341BA6300E55E90 /* Products */ = {
			isa = PBXGroup;
			children = (
				B66DCC762341BA6300E55E90 /* Movies13.app */,
			);
			name = Products;
			sourceTree = "<group>";
		};
		B66DCC782341BA6300E55E90 /* Movies13 */ = {
			isa = PBXGroup;
			children = (
				B66DCC792341BA6300E55E90 /* AppDelegate.swift */,
				B66DCC7B2341BA6300E55E90 /* SceneDelegate.swift */,
				B66DCC8F23429AB600E55E90 /* Movies User Flow */,
				B607F37C23442A88008DBE67 /* Movies Network */,
				B607F35623429D4C008DBE67 /* Models */,
				B607F3A5234A8FE6008DBE67 /* Components */,
				B66DCC7F2341BA6400E55E90 /* Assets.xcassets */,
				B66DCC822341BA6400E55E90 /* Preview Assets.xcassets */,
				B66DCC842341BA6400E55E90 /* LaunchScreen.storyboard */,
				B66DCC872341BA6400E55E90 /* Info.plist */,
			);
			path = Movies13;
			sourceTree = "<group>";
		};
		B66DCC8F23429AB600E55E90 /* Movies User Flow */ = {
			isa = PBXGroup;
			children = (
				B607F34B23429B97008DBE67 /* Movies List Screen */,
				B607F34F23429C28008DBE67 /* Movie Details Screen */,
				B66DCC9023429B0C00E55E90 /* Components */,
			);
			path = "Movies User Flow";
			sourceTree = "<group>";
		};
		B66DCC9023429B0C00E55E90 /* Components */ = {
			isa = PBXGroup;
			children = (
				B66DCC9123429B3900E55E90 /* StarRatingView.swift */,
			);
			path = Components;
			sourceTree = "<group>";
		};
/* End PBXGroup section */

/* Begin PBXNativeTarget section */
		B66DCC752341BA6300E55E90 /* Movies13 */ = {
			isa = PBXNativeTarget;
			buildConfigurationList = B66DCC8A2341BA6400E55E90 /* Build configuration list for PBXNativeTarget "Movies13" */;
			buildPhases = (
				B66DCC722341BA6300E55E90 /* Sources */,
				B66DCC732341BA6300E55E90 /* Frameworks */,
				B66DCC742341BA6300E55E90 /* Resources */,
			);
			buildRules = (
			);
			dependencies = (
			);
			name = Movies13;
			packageProductDependencies = (
				B607F3782342FA10008DBE67 /* URLImage */,
				B606C7EE234BE57600B090F1 /* NetworkKit */,
				B69AB6D32354225B0016883E /* FormatKit */,
			);
			productName = Movies13;
			productReference = B66DCC762341BA6300E55E90 /* Movies13.app */;
			productType = "com.apple.product-type.application";
		};
/* End PBXNativeTarget section */

/* Begin PBXProject section */
		B66DCC6E2341BA6300E55E90 /* Project object */ = {
			isa = PBXProject;
			attributes = {
				LastSwiftUpdateCheck = 1100;
				LastUpgradeCheck = 1100;
				ORGANIZATIONNAME = "Avario Babushka";
				TargetAttributes = {
					B66DCC752341BA6300E55E90 = {
						CreatedOnToolsVersion = 11.0;
					};
				};
			};
			buildConfigurationList = B66DCC712341BA6300E55E90 /* Build configuration list for PBXProject "Movies13" */;
			compatibilityVersion = "Xcode 9.3";
			developmentRegion = en;
			hasScannedForEncodings = 0;
			knownRegions = (
				en,
				Base,
			);
			mainGroup = B66DCC6D2341BA6300E55E90;
			productRefGroup = B66DCC772341BA6300E55E90 /* Products */;
			projectDirPath = "";
			projectRoot = "";
			targets = (
				B66DCC752341BA6300E55E90 /* Movies13 */,
			);
		};
/* End PBXProject section */

/* Begin PBXResourcesBuildPhase section */
		B66DCC742341BA6300E55E90 /* Resources */ = {
			isa = PBXResourcesBuildPhase;
			buildActionMask = 2147483647;
			files = (
				B66DCC862341BA6400E55E90 /* LaunchScreen.storyboard in Resources */,
				B66DCC832341BA6400E55E90 /* Preview Assets.xcassets in Resources */,
				B66DCC802341BA6400E55E90 /* Assets.xcassets in Resources */,
			);
			runOnlyForDeploymentPostprocessing = 0;
		};
/* End PBXResourcesBuildPhase section */

/* Begin PBXSourcesBuildPhase section */
		B66DCC722341BA6300E55E90 /* Sources */ = {
			isa = PBXSourcesBuildPhase;
			buildActionMask = 2147483647;
			files = (
				B607F38123442AFD008DBE67 /* FetchMovieDetails.swift in Sources */,
				B66DCC7A2341BA6300E55E90 /* AppDelegate.swift in Sources */,
				B607F34E23429C21008DBE67 /* MovieSummaryRow.swift in Sources */,
				B66DCC9223429B3900E55E90 /* StarRatingView.swift in Sources */,
				B607F35523429D2D008DBE67 /* MovieDetails.swift in Sources */,
				B66DCC7C2341BA6300E55E90 /* SceneDelegate.swift in Sources */,
				B61F0641234D7F6600029957 /* MoviesListData.swift in Sources */,
				B66DCC8E23429A2C00E55E90 /* MoviesListScreen.swift in Sources */,
				B607F38323442B0D008DBE67 /* FetchPopularMovies.swift in Sources */,
				B607F35123429C4C008DBE67 /* MovieDetailsScreen.swift in Sources */,
				B607F3A4234705D9008DBE67 /* MovieDetailsData.swift in Sources */,
				B607F37E23442ACE008DBE67 /* MoviesNetwork.swift in Sources */,
				B607F3882344354C008DBE67 /* ActivityIndicator.swift in Sources */,
				B607F35423429D2D008DBE67 /* MovieSummary.swift in Sources */,
			);
			runOnlyForDeploymentPostprocessing = 0;
		};
/* End PBXSourcesBuildPhase section */

/* Begin PBXVariantGroup section */
		B66DCC842341BA6400E55E90 /* LaunchScreen.storyboard */ = {
			isa = PBXVariantGroup;
			children = (
				B66DCC852341BA6400E55E90 /* Base */,
			);
			name = LaunchScreen.storyboard;
			sourceTree = "<group>";
		};
/* End PBXVariantGroup section */

/* Begin XCBuildConfiguration section */
		B66DCC882341BA6400E55E90 /* Debug */ = {
			isa = XCBuildConfiguration;
			buildSettings = {
				ALWAYS_SEARCH_USER_PATHS = NO;
				CLANG_ANALYZER_NONNULL = YES;
				CLANG_ANALYZER_NUMBER_OBJECT_CONVERSION = YES_AGGRESSIVE;
				CLANG_CXX_LANGUAGE_STANDARD = "gnu++14";
				CLANG_CXX_LIBRARY = "libc++";
				CLANG_ENABLE_MODULES = YES;
				CLANG_ENABLE_OBJC_ARC = YES;
				CLANG_ENABLE_OBJC_WEAK = YES;
				CLANG_WARN_BLOCK_CAPTURE_AUTORELEASING = YES;
				CLANG_WARN_BOOL_CONVERSION = YES;
				CLANG_WARN_COMMA = YES;
				CLANG_WARN_CONSTANT_CONVERSION = YES;
				CLANG_WARN_DEPRECATED_OBJC_IMPLEMENTATIONS = YES;
				CLANG_WARN_DIRECT_OBJC_ISA_USAGE = YES_ERROR;
				CLANG_WARN_DOCUMENTATION_COMMENTS = YES;
				CLANG_WARN_EMPTY_BODY = YES;
				CLANG_WARN_ENUM_CONVERSION = YES;
				CLANG_WARN_INFINITE_RECURSION = YES;
				CLANG_WARN_INT_CONVERSION = YES;
				CLANG_WARN_NON_LITERAL_NULL_CONVERSION = YES;
				CLANG_WARN_OBJC_IMPLICIT_RETAIN_SELF = YES;
				CLANG_WARN_OBJC_LITERAL_CONVERSION = YES;
				CLANG_WARN_OBJC_ROOT_CLASS = YES_ERROR;
				CLANG_WARN_RANGE_LOOP_ANALYSIS = YES;
				CLANG_WARN_STRICT_PROTOTYPES = YES;
				CLANG_WARN_SUSPICIOUS_MOVE = YES;
				CLANG_WARN_UNGUARDED_AVAILABILITY = YES_AGGRESSIVE;
				CLANG_WARN_UNREACHABLE_CODE = YES;
				CLANG_WARN__DUPLICATE_METHOD_MATCH = YES;
				COPY_PHASE_STRIP = NO;
				DEBUG_INFORMATION_FORMAT = dwarf;
				ENABLE_STRICT_OBJC_MSGSEND = YES;
				ENABLE_TESTABILITY = YES;
				GCC_C_LANGUAGE_STANDARD = gnu11;
				GCC_DYNAMIC_NO_PIC = NO;
				GCC_NO_COMMON_BLOCKS = YES;
				GCC_OPTIMIZATION_LEVEL = 0;
				GCC_PREPROCESSOR_DEFINITIONS = (
					"DEBUG=1",
					"$(inherited)",
				);
				GCC_WARN_64_TO_32_BIT_CONVERSION = YES;
				GCC_WARN_ABOUT_RETURN_TYPE = YES_ERROR;
				GCC_WARN_UNDECLARED_SELECTOR = YES;
				GCC_WARN_UNINITIALIZED_AUTOS = YES_AGGRESSIVE;
				GCC_WARN_UNUSED_FUNCTION = YES;
				GCC_WARN_UNUSED_VARIABLE = YES;
				IPHONEOS_DEPLOYMENT_TARGET = 13.0;
				MTL_ENABLE_DEBUG_INFO = INCLUDE_SOURCE;
				MTL_FAST_MATH = YES;
				ONLY_ACTIVE_ARCH = YES;
				SDKROOT = iphoneos;
				SWIFT_ACTIVE_COMPILATION_CONDITIONS = DEBUG;
				SWIFT_OPTIMIZATION_LEVEL = "-Onone";
			};
			name = Debug;
		};
		B66DCC892341BA6400E55E90 /* Release */ = {
			isa = XCBuildConfiguration;
			buildSettings = {
				ALWAYS_SEARCH_USER_PATHS = NO;
				CLANG_ANALYZER_NONNULL = YES;
				CLANG_ANALYZER_NUMBER_OBJECT_CONVERSION = YES_AGGRESSIVE;
				CLANG_CXX_LANGUAGE_STANDARD = "gnu++14";
				CLANG_CXX_LIBRARY = "libc++";
				CLANG_ENABLE_MODULES = YES;
				CLANG_ENABLE_OBJC_ARC = YES;
				CLANG_ENABLE_OBJC_WEAK = YES;
				CLANG_WARN_BLOCK_CAPTURE_AUTORELEASING = YES;
				CLANG_WARN_BOOL_CONVERSION = YES;
				CLANG_WARN_COMMA = YES;
				CLANG_WARN_CONSTANT_CONVERSION = YES;
				CLANG_WARN_DEPRECATED_OBJC_IMPLEMENTATIONS = YES;
				CLANG_WARN_DIRECT_OBJC_ISA_USAGE = YES_ERROR;
				CLANG_WARN_DOCUMENTATION_COMMENTS = YES;
				CLANG_WARN_EMPTY_BODY = YES;
				CLANG_WARN_ENUM_CONVERSION = YES;
				CLANG_WARN_INFINITE_RECURSION = YES;
				CLANG_WARN_INT_CONVERSION = YES;
				CLANG_WARN_NON_LITERAL_NULL_CONVERSION = YES;
				CLANG_WARN_OBJC_IMPLICIT_RETAIN_SELF = YES;
				CLANG_WARN_OBJC_LITERAL_CONVERSION = YES;
				CLANG_WARN_OBJC_ROOT_CLASS = YES_ERROR;
				CLANG_WARN_RANGE_LOOP_ANALYSIS = YES;
				CLANG_WARN_STRICT_PROTOTYPES = YES;
				CLANG_WARN_SUSPICIOUS_MOVE = YES;
				CLANG_WARN_UNGUARDED_AVAILABILITY = YES_AGGRESSIVE;
				CLANG_WARN_UNREACHABLE_CODE = YES;
				CLANG_WARN__DUPLICATE_METHOD_MATCH = YES;
				COPY_PHASE_STRIP = NO;
				DEBUG_INFORMATION_FORMAT = "dwarf-with-dsym";
				ENABLE_NS_ASSERTIONS = NO;
				ENABLE_STRICT_OBJC_MSGSEND = YES;
				GCC_C_LANGUAGE_STANDARD = gnu11;
				GCC_NO_COMMON_BLOCKS = YES;
				GCC_WARN_64_TO_32_BIT_CONVERSION = YES;
				GCC_WARN_ABOUT_RETURN_TYPE = YES_ERROR;
				GCC_WARN_UNDECLARED_SELECTOR = YES;
				GCC_WARN_UNINITIALIZED_AUTOS = YES_AGGRESSIVE;
				GCC_WARN_UNUSED_FUNCTION = YES;
				GCC_WARN_UNUSED_VARIABLE = YES;
				IPHONEOS_DEPLOYMENT_TARGET = 13.0;
				MTL_ENABLE_DEBUG_INFO = NO;
				MTL_FAST_MATH = YES;
				SDKROOT = iphoneos;
				SWIFT_COMPILATION_MODE = wholemodule;
				SWIFT_OPTIMIZATION_LEVEL = "-O";
				VALIDATE_PRODUCT = YES;
			};
			name = Release;
		};
		B66DCC8B2341BA6400E55E90 /* Debug */ = {
			isa = XCBuildConfiguration;
			buildSettings = {
				ASSETCATALOG_COMPILER_APPICON_NAME = AppIcon;
				CODE_SIGN_STYLE = Automatic;
				DEVELOPMENT_ASSET_PATHS = "\"Movies13/Preview Assets.xcassets\"";
				DEVELOPMENT_TEAM = J2Z2X63L8Q;
				ENABLE_PREVIEWS = YES;
				INFOPLIST_FILE = Movies13/Info.plist;
				LD_RUNPATH_SEARCH_PATHS = (
					"$(inherited)",
					"@executable_path/Frameworks",
				);
				PRODUCT_BUNDLE_IDENTIFIER = com.avario.Movies13;
				PRODUCT_NAME = "$(TARGET_NAME)";
				SWIFT_VERSION = 5.0;
				TARGETED_DEVICE_FAMILY = 1;
			};
			name = Debug;
		};
		B66DCC8C2341BA6400E55E90 /* Release */ = {
			isa = XCBuildConfiguration;
			buildSettings = {
				ASSETCATALOG_COMPILER_APPICON_NAME = AppIcon;
				CODE_SIGN_STYLE = Automatic;
				DEVELOPMENT_ASSET_PATHS = "\"Movies13/Preview Assets.xcassets\"";
				DEVELOPMENT_TEAM = J2Z2X63L8Q;
				ENABLE_PREVIEWS = YES;
				INFOPLIST_FILE = Movies13/Info.plist;
				LD_RUNPATH_SEARCH_PATHS = (
					"$(inherited)",
					"@executable_path/Frameworks",
				);
				PRODUCT_BUNDLE_IDENTIFIER = com.avario.Movies13;
				PRODUCT_NAME = "$(TARGET_NAME)";
				SWIFT_VERSION = 5.0;
				TARGETED_DEVICE_FAMILY = 1;
			};
			name = Release;
		};
/* End XCBuildConfiguration section */

/* Begin XCConfigurationList section */
		B66DCC712341BA6300E55E90 /* Build configuration list for PBXProject "Movies13" */ = {
			isa = XCConfigurationList;
			buildConfigurations = (
				B66DCC882341BA6400E55E90 /* Debug */,
				B66DCC892341BA6400E55E90 /* Release */,
			);
			defaultConfigurationIsVisible = 0;
			defaultConfigurationName = Release;
		};
		B66DCC8A2341BA6400E55E90 /* Build configuration list for PBXNativeTarget "Movies13" */ = {
			isa = XCConfigurationList;
			buildConfigurations = (
				B66DCC8B2341BA6400E55E90 /* Debug */,
				B66DCC8C2341BA6400E55E90 /* Release */,
			);
			defaultConfigurationIsVisible = 0;
			defaultConfigurationName = Release;
		};
/* End XCConfigurationList section */

/* Begin XCSwiftPackageProductDependency section */
		B606C7EE234BE57600B090F1 /* NetworkKit */ = {
			isa = XCSwiftPackageProductDependency;
			productName = NetworkKit;
		};
		B607F3782342FA10008DBE67 /* URLImage */ = {
			isa = XCSwiftPackageProductDependency;
			productName = URLImage;
		};
		B69AB6D32354225B0016883E /* FormatKit */ = {
			isa = XCSwiftPackageProductDependency;
			productName = FormatKit;
		};
/* End XCSwiftPackageProductDependency section */
	};
	rootObject = B66DCC6E2341BA6300E55E90 /* Project object */;
}
