{
  "object": {
    "pins": [
      {
        "package": "NetworkImage",
        "repositoryURL": "https://github.com/avario/NetworkImage.git",
        "state": {
          "branch": null,
          "revision": "d2450c2f8553e473fe140f21ade997d44691563b",
          "version": "1.0.1"
        }
      },
      {
        "package": "NetworkKit",
        "repositoryURL": "https://github.com/avario/NetworkKit.git",
        "state": {
          "branch": null,
          "revision": "f369c95efcdd923c95e0d95337edee7c4ea5f444",
          "version": "1.0.0"
        }
      }
    ]
  },
  "version": 1
}
