{
  "object": {
    "pins": [
      {
        "package": "NetworkImage",
        "repositoryURL": "https://github.com/avario/NetworkImage.git",
        "state": {
          "branch": null,
          "revision": "c499b34b525b901a11f4d905244c26abe1fe7684",
          "version": "4.0.0"
        }
      },
      {
        "package": "NetworkKit",
        "repositoryURL": "https://github.com/avario/NetworkKit.git",
        "state": {
          "branch": null,
          "revision": "8a85264c2bc82553ce4229d6789f120bc3e0f3d1",
          "version": "4.0.0"
        }
      }
    ]
  },
  "version": 1
}
