{
  "object": {
    "pins": [
      {
        "package": "NetworkImage",
        "repositoryURL": "https://github.com/avario/NetworkImage.git",
        "state": {
          "branch": null,
          "revision": "495fe6cd83c031f449c1c5de9805bb58b1cb4fd3",
          "version": "1.0.3"
        }
      },
      {
        "package": "NetworkKit",
        "repositoryURL": "https://github.com/avario/NetworkKit.git",
        "state": {
          "branch": null,
          "revision": "255fc4f534347ae47cc87f3ff0dedd51740c2834",
          "version": "1.2.0"
        }
      }
    ]
  },
  "version": 1
}
